
Microsoft Visual Studio Solution File, Format Version 12.00
# Visual Studio Version 16
VisualStudioVersion = 16.0.30709.132
MinimumVisualStudioVersion = 10.0.40219.1
Project("{FAE04EC0-301F-11D3-BF4B-00C04F79EFBC}") = "ClassDiagram", "ClassDiagram\ClassDiagram.csproj", "{58895C10-76E3-4A19-8253-2A3AD4A51508}"
EndProject
Global
	GlobalSection(SolutionConfigurationPlatforms) = preSolution
		Debug|Any CPU = Debug|Any CPU
		Release|Any CPU = Release|Any CPU
	EndGlobalSection
	GlobalSection(ProjectConfigurationPlatforms) = postSolution
		{58895C10-76E3-4A19-8253-2A3AD4A51508}.Debug|Any CPU.ActiveCfg = Debug|Any CPU
		{58895C10-76E3-4A19-8253-2A3AD4A51508}.Debug|Any CPU.Build.0 = Debug|Any CPU
		{58895C10-76E3-4A19-8253-2A3AD4A51508}.Release|Any CPU.ActiveCfg = Release|Any CPU
		{58895C10-76E3-4A19-8253-2A3AD4A51508}.Release|Any CPU.Build.0 = Release|Any CPU
	EndGlobalSection
	GlobalSection(SolutionProperties) = preSolution
		HideSolutionNode = FALSE
	EndGlobalSection
	GlobalSection(ExtensibilityGlobals) = postSolution
		SolutionGuid = {41124E0B-374E-4B46-8D1D-952DA1CD597E}
	EndGlobalSection
EndGlobal
